
Microsoft Visual Studio Solution File, Format Version 12.00
# Visual Studio Version 17
VisualStudioVersion = 17.7.34009.444
MinimumVisualStudioVersion = 10.0.40219.1
Project("{FAE04EC0-301F-11D3-BF4B-00C04F79EFBC}") = "CMMCore", "CMMCore\CMMCore.csproj", "{97E30BBD-FD98-4F0F-AFD4-646F6A64E883}"
EndProject
Global
	GlobalSection(SolutionConfigurationPlatforms) = preSolution
		Debug|Any CPU = Debug|Any CPU
		Release|Any CPU = Release|Any CPU
	EndGlobalSection
	GlobalSection(ProjectConfigurationPlatforms) = postSolution
		{97E30BBD-FD98-4F0F-AFD4-646F6A64E883}.Debug|Any CPU.ActiveCfg = Debug|Any CPU
		{97E30BBD-FD98-4F0F-AFD4-646F6A64E883}.Debug|Any CPU.Build.0 = Debug|Any CPU
		{97E30BBD-FD98-4F0F-AFD4-646F6A64E883}.Release|Any CPU.ActiveCfg = Release|Any CPU
		{97E30BBD-FD98-4F0F-AFD4-646F6A64E883}.Release|Any CPU.Build.0 = Release|Any CPU
	EndGlobalSection
	GlobalSection(SolutionProperties) = preSolution
		HideSolutionNode = FALSE
	EndGlobalSection
	GlobalSection(ExtensibilityGlobals) = postSolution
		SolutionGuid = {E91A5AF9-79B7-47EE-88AE-DE700D71BCAE}
	EndGlobalSection
EndGlobal
